
Microsoft Visual Studio Solution File, Format Version 12.00
# Visual Studio Version 16
VisualStudioVersion = 16.0.31005.135
MinimumVisualStudioVersion = 10.0.40219.1
Project("{FAE04EC0-301F-11D3-BF4B-00C04F79EFBC}") = "CinemaWrld.Application", "CinemaWrld.Application.csproj", "{A0307DCF-7529-43DE-ABEA-4F37F7A4859D}"
EndProject
Global
	GlobalSection(SolutionConfigurationPlatforms) = preSolution
		Debug|Any CPU = Debug|Any CPU
		Release|Any CPU = Release|Any CPU
	EndGlobalSection
	GlobalSection(ProjectConfigurationPlatforms) = postSolution
		{A0307DCF-7529-43DE-ABEA-4F37F7A4859D}.Debug|Any CPU.ActiveCfg = Debug|Any CPU
		{A0307DCF-7529-43DE-ABEA-4F37F7A4859D}.Debug|Any CPU.Build.0 = Debug|Any CPU
		{A0307DCF-7529-43DE-ABEA-4F37F7A4859D}.Release|Any CPU.ActiveCfg = Release|Any CPU
		{A0307DCF-7529-43DE-ABEA-4F37F7A4859D}.Release|Any CPU.Build.0 = Release|Any CPU
	EndGlobalSection
	GlobalSection(SolutionProperties) = preSolution
		HideSolutionNode = FALSE
	EndGlobalSection
	GlobalSection(ExtensibilityGlobals) = postSolution
		SolutionGuid = {9EAB29A5-19F2-477B-8B4E-B5DE255F1F89}
	EndGlobalSection
EndGlobal
